PODS:
  - Instabug (12.7.0)
  - Yoshi/Core (3.1.0)
  - Yoshi/QAKit (3.1.0):
    - Yoshi/Core

DEPENDENCIES:
  - Instabug (= 12.7.0)
  - Yoshi/QAKit (from `../`)

SPEC REPOS:
  https://github.com/CocoaPods/specs.git:
    - Instabug

EXTERNAL SOURCES:
  Yoshi:
    :path: "../"

SPEC CHECKSUMS:
  Instabug: 59f0b0bc2c062b5cdbbf417cca365480a1fe55d8
  Yoshi: 48e21006e7c8d3ecb3efc053b2c5def2aa50b96f

PODFILE CHECKSUM: df851e9da2d0caa01f6bd39143520041984a4c8f

COCOAPODS: 1.15.2
